PODS:
  - FlutterMacOS (1.22.4)
  - package_info (0.0.1):
    - FlutterMacOS
  - path_provider (0.0.1)
  - path_provider_macos (0.0.1):
    - FlutterMacOS
  - url_launcher (0.0.1)
  - url_launcher_macos (0.0.1):
    - FlutterMacOS

DEPENDENCIES:
  - package_info (from `Flutter/ephemeral/.symlinks/plugins/package_info/macos`)
  - path_provider (from `Flutter/ephemeral/.symlinks/plugins/path_provider/macos`)
  - path_provider_macos (from `Flutter/ephemeral/.symlinks/plugins/path_provider_macos/macos`)
  - url_launcher (from `Flutter/ephemeral/.symlinks/plugins/url_launcher/macos`)
  - url_launcher_macos (from `Flutter/ephemeral/.symlinks/plugins/url_launcher_macos/macos`)

SPEC REPOS:
  trunk:
    - FlutterMacOS

EXTERNAL SOURCES:
  package_info:
    :path: Flutter/ephemeral/.symlinks/plugins/package_info/macos
  path_provider:
    :path: Flutter/ephemeral/.symlinks/plugins/path_provider/macos
  path_provider_macos:
    :path: Flutter/ephemeral/.symlinks/plugins/path_provider_macos/macos
  url_launcher:
    :path: Flutter/ephemeral/.symlinks/plugins/url_launcher/macos
  url_launcher_macos:
    :path: Flutter/ephemeral/.symlinks/plugins/url_launcher_macos/macos

SPEC CHECKSUMS:
  FlutterMacOS: ac210ef71944b3f04789076d70d4c72c7ec0c619
  package_info: 6eba2fd8d3371dda2d85c8db6fe97488f24b74b2
  path_provider: e0848572d1d38b9a7dd099e79cf83f5b7e2cde9f
  path_provider_macos: a0a3fd666cb7cd0448e936fb4abad4052961002b
  url_launcher: af78307ef9bafff91273b34f1c6c0c86a0004fd7
  url_launcher_macos: 45af3d61de06997666568a7149c1be98b41c95d4

PODFILE CHECKSUM: f5509cfbdceb68fd2cf741419f0664d91e6f6ffe

COCOAPODS: 1.10.0
